
Microsoft Visual Studio Solution File, Format Version 12.00
# Visual Studio Version 17
VisualStudioVersion = 17.8.34330.188
MinimumVisualStudioVersion = 10.0.40219.1
Project("{9A19103F-16F7-4668-BE54-9A1E7A4F7556}") = "RGRTRASPORTE", "RGRTRASPORTE\RGRTRASPORTE.csproj", "{FF6C2060-2EB2-4497-8B05-6049C23DA4E2}"
EndProject
Project("{2150E333-8FDC-42A3-9474-1A3956D46DE8}") = "Api", "Api", "{8AF473A3-428F-4FEB-950A-C77B7D0B8C72}"
EndProject
Project("{2150E333-8FDC-42A3-9474-1A3956D46DE8}") = "Dominios", "Dominios", "{94205C0F-7FF5-4C90-9DF8-4511B821CF7F}"
EndProject
Project("{2150E333-8FDC-42A3-9474-1A3956D46DE8}") = "Infraestrutura", "Infraestrutura", "{79C588F8-93B8-4867-99B5-731406364732}"
EndProject
Project("{2150E333-8FDC-42A3-9474-1A3956D46DE8}") = "Servicos", "Servicos", "{95CA48B6-6868-4F21-8299-19B6AAD85F75}"
EndProject
Project("{2150E333-8FDC-42A3-9474-1A3956D46DE8}") = "Testes", "Testes", "{4D4BAD77-7D54-442E-B824-4521D7F95481}"
EndProject
Project("{9A19103F-16F7-4668-BE54-9A1E7A4F7556}") = "Dominio", "Dominio\Dominio.csproj", "{AB970545-E252-4D97-924C-498108A01C2C}"
EndProject
Project("{9A19103F-16F7-4668-BE54-9A1E7A4F7556}") = "Infra.Data", "Infra.Data\Infra.Data.csproj", "{D73881BB-AB9C-4E56-8197-DD5B66354F19}"
EndProject
Project("{9A19103F-16F7-4668-BE54-9A1E7A4F7556}") = "Infra.CrossCutting", "Infra.CrossCutting\Infra.CrossCutting.csproj", "{BDB21735-40F7-4152-87E4-4482F7E242F8}"
EndProject
Project("{9A19103F-16F7-4668-BE54-9A1E7A4F7556}") = "Infra.Ioc", "Infra.Ioc\Infra.Ioc.csproj", "{D725FBAD-0621-4AD4-A609-7846498FCC70}"
EndProject
Project("{9A19103F-16F7-4668-BE54-9A1E7A4F7556}") = "Service", "Service\Service.csproj", "{ECE73F90-8816-4A08-A770-7FF13E674116}"
EndProject
Project("{9A19103F-16F7-4668-BE54-9A1E7A4F7556}") = "Teste", "Teste\Teste.csproj", "{FB0E157C-54AF-4971-B2E7-490D390FD911}"
EndProject
Project("{2150E333-8FDC-42A3-9474-1A3956D46DE8}") = "Aplicação", "Aplicação", "{D2BF1373-7992-4D26-B75F-7108E2DFDF9B}"
EndProject
Project("{9A19103F-16F7-4668-BE54-9A1E7A4F7556}") = "Application", "Application\Application.csproj", "{16C41024-BFE8-4C14-A3A3-C187E492FC61}"
EndProject
Project("{2150E333-8FDC-42A3-9474-1A3956D46DE8}") = "ServicosBackground", "ServicosBackground", "{B19544A9-DC90-4AD1-B7F4-06AB2FF25F5A}"
EndProject
Project("{FAE04EC0-301F-11D3-BF4B-00C04F79EFBC}") = "Hangfire.Worker", "Hangfire.Worker\Hangfire.Worker.csproj", "{BA11DC5A-AE1C-431C-8F8F-1B9275647DCC}"
EndProject
Global
	GlobalSection(SolutionConfigurationPlatforms) = preSolution
		Debug|Any CPU = Debug|Any CPU
		Release|Any CPU = Release|Any CPU
	EndGlobalSection
	GlobalSection(ProjectConfigurationPlatforms) = postSolution
		{FF6C2060-2EB2-4497-8B05-6049C23DA4E2}.Debug|Any CPU.ActiveCfg = Debug|Any CPU
		{FF6C2060-2EB2-4497-8B05-6049C23DA4E2}.Debug|Any CPU.Build.0 = Debug|Any CPU
		{FF6C2060-2EB2-4497-8B05-6049C23DA4E2}.Release|Any CPU.ActiveCfg = Release|Any CPU
		{FF6C2060-2EB2-4497-8B05-6049C23DA4E2}.Release|Any CPU.Build.0 = Release|Any CPU
		{AB970545-E252-4D97-924C-498108A01C2C}.Debug|Any CPU.ActiveCfg = Debug|Any CPU
		{AB970545-E252-4D97-924C-498108A01C2C}.Debug|Any CPU.Build.0 = Debug|Any CPU
		{AB970545-E252-4D97-924C-498108A01C2C}.Release|Any CPU.ActiveCfg = Release|Any CPU
		{AB970545-E252-4D97-924C-498108A01C2C}.Release|Any CPU.Build.0 = Release|Any CPU
		{D73881BB-AB9C-4E56-8197-DD5B66354F19}.Debug|Any CPU.ActiveCfg = Debug|Any CPU
		{D73881BB-AB9C-4E56-8197-DD5B66354F19}.Debug|Any CPU.Build.0 = Debug|Any CPU
		{D73881BB-AB9C-4E56-8197-DD5B66354F19}.Release|Any CPU.ActiveCfg = Release|Any CPU
		{D73881BB-AB9C-4E56-8197-DD5B66354F19}.Release|Any CPU.Build.0 = Release|Any CPU
		{BDB21735-40F7-4152-87E4-4482F7E242F8}.Debug|Any CPU.ActiveCfg = Debug|Any CPU
		{BDB21735-40F7-4152-87E4-4482F7E242F8}.Debug|Any CPU.Build.0 = Debug|Any CPU
		{BDB21735-40F7-4152-87E4-4482F7E242F8}.Release|Any CPU.ActiveCfg = Release|Any CPU
		{BDB21735-40F7-4152-87E4-4482F7E242F8}.Release|Any CPU.Build.0 = Release|Any CPU
		{D725FBAD-0621-4AD4-A609-7846498FCC70}.Debug|Any CPU.ActiveCfg = Debug|Any CPU
		{D725FBAD-0621-4AD4-A609-7846498FCC70}.Debug|Any CPU.Build.0 = Debug|Any CPU
		{D725FBAD-0621-4AD4-A609-7846498FCC70}.Release|Any CPU.ActiveCfg = Release|Any CPU
		{D725FBAD-0621-4AD4-A609-7846498FCC70}.Release|Any CPU.Build.0 = Release|Any CPU
		{ECE73F90-8816-4A08-A770-7FF13E674116}.Debug|Any CPU.ActiveCfg = Debug|Any CPU
		{ECE73F90-8816-4A08-A770-7FF13E674116}.Debug|Any CPU.Build.0 = Debug|Any CPU
		{ECE73F90-8816-4A08-A770-7FF13E674116}.Release|Any CPU.ActiveCfg = Release|Any CPU
		{ECE73F90-8816-4A08-A770-7FF13E674116}.Release|Any CPU.Build.0 = Release|Any CPU
		{FB0E157C-54AF-4971-B2E7-490D390FD911}.Debug|Any CPU.ActiveCfg = Debug|Any CPU
		{FB0E157C-54AF-4971-B2E7-490D390FD911}.Debug|Any CPU.Build.0 = Debug|Any CPU
		{FB0E157C-54AF-4971-B2E7-490D390FD911}.Release|Any CPU.ActiveCfg = Release|Any CPU
		{FB0E157C-54AF-4971-B2E7-490D390FD911}.Release|Any CPU.Build.0 = Release|Any CPU
		{16C41024-BFE8-4C14-A3A3-C187E492FC61}.Debug|Any CPU.ActiveCfg = Debug|Any CPU
		{16C41024-BFE8-4C14-A3A3-C187E492FC61}.Debug|Any CPU.Build.0 = Debug|Any CPU
		{16C41024-BFE8-4C14-A3A3-C187E492FC61}.Release|Any CPU.ActiveCfg = Release|Any CPU
		{16C41024-BFE8-4C14-A3A3-C187E492FC61}.Release|Any CPU.Build.0 = Release|Any CPU
		{BA11DC5A-AE1C-431C-8F8F-1B9275647DCC}.Debug|Any CPU.ActiveCfg = Debug|Any CPU
		{BA11DC5A-AE1C-431C-8F8F-1B9275647DCC}.Debug|Any CPU.Build.0 = Debug|Any CPU
		{BA11DC5A-AE1C-431C-8F8F-1B9275647DCC}.Release|Any CPU.ActiveCfg = Release|Any CPU
		{BA11DC5A-AE1C-431C-8F8F-1B9275647DCC}.Release|Any CPU.Build.0 = Release|Any CPU
	EndGlobalSection
	GlobalSection(SolutionProperties) = preSolution
		HideSolutionNode = FALSE
	EndGlobalSection
	GlobalSection(NestedProjects) = preSolution
		{FF6C2060-2EB2-4497-8B05-6049C23DA4E2} = {8AF473A3-428F-4FEB-950A-C77B7D0B8C72}
		{AB970545-E252-4D97-924C-498108A01C2C} = {94205C0F-7FF5-4C90-9DF8-4511B821CF7F}
		{D73881BB-AB9C-4E56-8197-DD5B66354F19} = {79C588F8-93B8-4867-99B5-731406364732}
		{BDB21735-40F7-4152-87E4-4482F7E242F8} = {79C588F8-93B8-4867-99B5-731406364732}
		{D725FBAD-0621-4AD4-A609-7846498FCC70} = {79C588F8-93B8-4867-99B5-731406364732}
		{ECE73F90-8816-4A08-A770-7FF13E674116} = {95CA48B6-6868-4F21-8299-19B6AAD85F75}
		{FB0E157C-54AF-4971-B2E7-490D390FD911} = {4D4BAD77-7D54-442E-B824-4521D7F95481}
		{16C41024-BFE8-4C14-A3A3-C187E492FC61} = {D2BF1373-7992-4D26-B75F-7108E2DFDF9B}
		{BA11DC5A-AE1C-431C-8F8F-1B9275647DCC} = {B19544A9-DC90-4AD1-B7F4-06AB2FF25F5A}
	EndGlobalSection
	GlobalSection(ExtensibilityGlobals) = postSolution
		SolutionGuid = {4D9205CC-053E-4F3C-BF35-B24FD1B6CFC3}
	EndGlobalSection
EndGlobal
